{
  "requires": true,
  "lockfileVersion": 1,
  "dependencies": {
    "lambda-toolkit-api-composer": {
      "version": "0.0.3",
      "resolved": "https://registry.npmjs.org/lambda-toolkit-api-composer/-/lambda-toolkit-api-composer-0.0.3.tgz",
      "integrity": "sha512-wG0ZMIRbHV4CdcsA6BrrV/TDGR3Yr1bFgdhM0RUBXpzqF8310XVEiifJBGOr3ydeIipAEKEIAdX92IsipIoQEg=="
    },
    "lambda-toolkit-utilities": {
      "version": "0.0.2",
      "resolved": "https://registry.npmjs.org/lambda-toolkit-utilities/-/lambda-toolkit-utilities-0.0.2.tgz",
      "integrity": "sha512-kC683ldlFRupym5WlGBcsrJMOmhQ91uvssxxg7vlHV6S5p6HtZ4IPyOZCO19Q6lQJwvPDPbbwm96AevbEdwEdA==",
      "requires": {
        "lambda-toolkit-api-composer": "0.0.3"
      }
    }
  }
}
