{
  "requires": true,
  "lockfileVersion": 1,
  "dependencies": {
    "lambda-toolkit-api-composer": {
      "version": "0.0.3",
      "resolved": "https://registry.npmjs.org/lambda-toolkit-api-composer/-/lambda-toolkit-api-composer-0.0.3.tgz",
      "integrity": "sha512-wG0ZMIRbHV4CdcsA6BrrV/TDGR3Yr1bFgdhM0RUBXpzqF8310XVEiifJBGOr3ydeIipAEKEIAdX92IsipIoQEg=="
    },
    "lambda-toolkit-utilities": {
      "version": "0.0.3",
      "resolved": "https://registry.npmjs.org/lambda-toolkit-utilities/-/lambda-toolkit-utilities-0.0.3.tgz",
      "integrity": "sha512-DdxMFj5GUrkmdaOiCKbg1rCZ7yWWIpp7t9jrgpJQs/3p5yT3K/kLub8Bv3tEwAh9Z/ZtEc4JoVnXxW1zj4w8+Q==",
      "requires": {
        "lambda-toolkit-api-composer": "0.0.3"
      }
    }
  }
}
