{
  "name": "lambda-toolkit-utilities",
  "version": "0.0.1",
  "lockfileVersion": 1,
  "requires": true,
  "dependencies": {
    "lambda-toolkit-api-composer": {
      "version": "0.0.2",
      "resolved": "https://registry.npmjs.org/lambda-toolkit-api-composer/-/lambda-toolkit-api-composer-0.0.2.tgz",
      "integrity": "sha512-FKRz8t+QykIUg9N8E8Tvg8I2FBTqEl3g7JqaH4L7hJkntg+/4x5NAx36ncqmcFf3McO2ZJxTpr2qwp6d77klvg=="
    }
  }
}
