{
  "name": "lambda-toolkit-utilities",
  "version": "0.0.2",
  "lockfileVersion": 1,
  "requires": true,
  "dependencies": {
    "@types/node": {
      "version": "13.1.6",
      "resolved": "https://registry.npmjs.org/@types/node/-/node-13.1.6.tgz",
      "integrity": "sha512-Jg1F+bmxcpENHP23sVKkNuU3uaxPnsBMW0cLjleiikFKomJQbsn0Cqk2yDvQArqzZN6ABfBkZ0To7pQ8sLdWDg==",
      "dev": true
    },
    "lambda-toolkit-api-composer": {
      "version": "0.0.3",
      "resolved": "https://registry.npmjs.org/lambda-toolkit-api-composer/-/lambda-toolkit-api-composer-0.0.3.tgz",
      "integrity": "sha512-wG0ZMIRbHV4CdcsA6BrrV/TDGR3Yr1bFgdhM0RUBXpzqF8310XVEiifJBGOr3ydeIipAEKEIAdX92IsipIoQEg=="
    }
  }
}
